// !$*UTF8*$!
{
	archiveVersion = 1;
	classes = {
	};
	objectVersion = 50;
	objects = {

/* Begin PBXBuildFile section */
		99839DA320CAAF3A0049A28A /* AppDelegate.swift in Sources */ = {isa = PBXBuildFile; fileRef = 99839DA220CAAF3A0049A28A /* AppDelegate.swift */; };
		99839DA520CAAF3A0049A28A /* ViewController.swift in Sources */ = {isa = PBXBuildFile; fileRef = 99839DA420CAAF3A0049A28A /* ViewController.swift */; };
		99839DA820CAAF3A0049A28A /* Main.storyboard in Resources */ = {isa = PBXBuildFile; fileRef = 99839DA620CAAF3A0049A28A /* Main.storyboard */; };
		99839DAA20CAAF3B0049A28A /* Assets.xcassets in Resources */ = {isa = PBXBuildFile; fileRef = 99839DA920CAAF3B0049A28A /* Assets.xcassets */; };
		99839DAD20CAAF3B0049A28A /* LaunchScreen.storyboard in Resources */ = {isa = PBXBuildFile; fileRef = 99839DAB20CAAF3B0049A28A /* LaunchScreen.storyboard */; };
		99839DB820CAAF3C0049A28A /* AutoBuildNoIncrementTests.swift in Sources */ = {isa = PBXBuildFile; fileRef = 99839DB720CAAF3C0049A28A /* AutoBuildNoIncrementTests.swift */; };
		99839DC320CAAF3C0049A28A /* AutoBuildNoIncrementUITests.swift in Sources */ = {isa = PBXBuildFile; fileRef = 99839DC220CAAF3C0049A28A /* AutoBuildNoIncrementUITests.swift */; };
/* End PBXBuildFile section */

/* Begin PBXContainerItemProxy section */
		99839DB420CAAF3C0049A28A /* PBXContainerItemProxy */ = {
			isa = PBXContainerItemProxy;
			containerPortal = 99839D9720CAAF3A0049A28A /* Project object */;
			proxyType = 1;
			remoteGlobalIDString = 99839D9E20CAAF3A0049A28A;
			remoteInfo = AutoBuildNoIncrement;
		};
		99839DBF20CAAF3C0049A28A /* PBXContainerItemProxy */ = {
			isa = PBXContainerItemProxy;
			containerPortal = 99839D9720CAAF3A0049A28A /* Project object */;
			proxyType = 1;
			remoteGlobalIDString = 99839D9E20CAAF3A0049A28A;
			remoteInfo = AutoBuildNoIncrement;
		};
/* End PBXContainerItemProxy section */

/* Begin PBXFileReference section */
		99839D9F20CAAF3A0049A28A /* AutoBuildNoIncrement.app */ = {isa = PBXFileReference; explicitFileType = wrapper.application; includeInIndex = 0; path = AutoBuildNoIncrement.app; sourceTree = BUILT_PRODUCTS_DIR; };
		99839DA220CAAF3A0049A28A /* AppDelegate.swift */ = {isa = PBXFileReference; lastKnownFileType = sourcecode.swift; path = AppDelegate.swift; sourceTree = "<group>"; };
		99839DA420CAAF3A0049A28A /* ViewController.swift */ = {isa = PBXFileReference; lastKnownFileType = sourcecode.swift; path = ViewController.swift; sourceTree = "<group>"; };
		99839DA720CAAF3A0049A28A /* Base */ = {isa = PBXFileReference; lastKnownFileType = file.storyboard; name = Base; path = Base.lproj/Main.storyboard; sourceTree = "<group>"; };
		99839DA920CAAF3B0049A28A /* Assets.xcassets */ = {isa = PBXFileReference; lastKnownFileType = folder.assetcatalog; path = Assets.xcassets; sourceTree = "<group>"; };
		99839DAC20CAAF3B0049A28A /* Base */ = {isa = PBXFileReference; lastKnownFileType = file.storyboard; name = Base; path = Base.lproj/LaunchScreen.storyboard; sourceTree = "<group>"; };
		99839DAE20CAAF3B0049A28A /* Info.plist */ = {isa = PBXFileReference; lastKnownFileType = text.plist.xml; path = Info.plist; sourceTree = "<group>"; };
		99839DB320CAAF3C0049A28A /* AutoBuildNoIncrementTests.xctest */ = {isa = PBXFileReference; explicitFileType = wrapper.cfbundle; includeInIndex = 0; path = AutoBuildNoIncrementTests.xctest; sourceTree = BUILT_PRODUCTS_DIR; };
		99839DB720CAAF3C0049A28A /* AutoBuildNoIncrementTests.swift */ = {isa = PBXFileReference; lastKnownFileType = sourcecode.swift; path = AutoBuildNoIncrementTests.swift; sourceTree = "<group>"; };
		99839DB920CAAF3C0049A28A /* Info.plist */ = {isa = PBXFileReference; lastKnownFileType = text.plist.xml; path = Info.plist; sourceTree = "<group>"; };
		99839DBE20CAAF3C0049A28A /* AutoBuildNoIncrementUITests.xctest */ = {isa = PBXFileReference; explicitFileType = wrapper.cfbundle; includeInIndex = 0; path = AutoBuildNoIncrementUITests.xctest; sourceTree = BUILT_PRODUCTS_DIR; };
		99839DC220CAAF3C0049A28A /* AutoBuildNoIncrementUITests.swift */ = {isa = PBXFileReference; lastKnownFileType = sourcecode.swift; path = AutoBuildNoIncrementUITests.swift; sourceTree = "<group>"; };
		99839DC420CAAF3C0049A28A /* Info.plist */ = {isa = PBXFileReference; lastKnownFileType = text.plist.xml; path = Info.plist; sourceTree = "<group>"; };
/* End PBXFileReference section */

/* Begin PBXFrameworksBuildPhase section */
		99839D9C20CAAF3A0049A28A /* Frameworks */ = {
			isa = PBXFrameworksBuildPhase;
			buildActionMask = 2147483647;
			files = (
			);
			runOnlyForDeploymentPostprocessing = 0;
		};
		99839DB020CAAF3C0049A28A /* Frameworks */ = {
			isa = PBXFrameworksBuildPhase;
			buildActionMask = 2147483647;
			files = (
			);
			runOnlyForDeploymentPostprocessing = 0;
		};
		99839DBB20CAAF3C0049A28A /* Frameworks */ = {
			isa = PBXFrameworksBuildPhase;
			buildActionMask = 2147483647;
			files = (
			);
			runOnlyForDeploymentPostprocessing = 0;
		};
/* End PBXFrameworksBuildPhase section */

/* Begin PBXGroup section */
		99839D9620CAAF3A0049A28A = {
			isa = PBXGroup;
			children = (
				99839DA120CAAF3A0049A28A /* AutoBuildNoIncrement */,
				99839DB620CAAF3C0049A28A /* AutoBuildNoIncrementTests */,
				99839DC120CAAF3C0049A28A /* AutoBuildNoIncrementUITests */,
				99839DA020CAAF3A0049A28A /* Products */,
			);
			sourceTree = "<group>";
		};
		99839DA020CAAF3A0049A28A /* Products */ = {
			isa = PBXGroup;
			children = (
				99839D9F20CAAF3A0049A28A /* AutoBuildNoIncrement.app */,
				99839DB320CAAF3C0049A28A /* AutoBuildNoIncrementTests.xctest */,
				99839DBE20CAAF3C0049A28A /* AutoBuildNoIncrementUITests.xctest */,
			);
			name = Products;
			sourceTree = "<group>";
		};
		99839DA120CAAF3A0049A28A /* AutoBuildNoIncrement */ = {
			isa = PBXGroup;
			children = (
				99839DA220CAAF3A0049A28A /* AppDelegate.swift */,
				99839DA420CAAF3A0049A28A /* ViewController.swift */,
				99839DA620CAAF3A0049A28A /* Main.storyboard */,
				99839DA920CAAF3B0049A28A /* Assets.xcassets */,
				99839DAB20CAAF3B0049A28A /* LaunchScreen.storyboard */,
				99839DAE20CAAF3B0049A28A /* Info.plist */,
			);
			path = AutoBuildNoIncrement;
			sourceTree = "<group>";
		};
		99839DB620CAAF3C0049A28A /* AutoBuildNoIncrementTests */ = {
			isa = PBXGroup;
			children = (
				99839DB720CAAF3C0049A28A /* AutoBuildNoIncrementTests.swift */,
				99839DB920CAAF3C0049A28A /* Info.plist */,
			);
			path = AutoBuildNoIncrementTests;
			sourceTree = "<group>";
		};
		99839DC120CAAF3C0049A28A /* AutoBuildNoIncrementUITests */ = {
			isa = PBXGroup;
			children = (
				99839DC220CAAF3C0049A28A /* AutoBuildNoIncrementUITests.swift */,
				99839DC420CAAF3C0049A28A /* Info.plist */,
			);
			path = AutoBuildNoIncrementUITests;
			sourceTree = "<group>";
		};
/* End PBXGroup section */

/* Begin PBXNativeTarget section */
		99839D9E20CAAF3A0049A28A /* AutoBuildNoIncrement */ = {
			isa = PBXNativeTarget;
			buildConfigurationList = 99839DC720CAAF3C0049A28A /* Build configuration list for PBXNativeTarget "AutoBuildNoIncrement" */;
			buildPhases = (
				99839D9B20CAAF3A0049A28A /* Sources */,
				99839D9C20CAAF3A0049A28A /* Frameworks */,
				99839D9D20CAAF3A0049A28A /* Resources */,
			);
			buildRules = (
			);
			dependencies = (
			);
			name = AutoBuildNoIncrement;
			productName = AutoBuildNoIncrement;
			productReference = 99839D9F20CAAF3A0049A28A /* AutoBuildNoIncrement.app */;
			productType = "com.apple.product-type.application";
		};
		99839DB220CAAF3C0049A28A /* AutoBuildNoIncrementTests */ = {
			isa = PBXNativeTarget;
			buildConfigurationList = 99839DCA20CAAF3C0049A28A /* Build configuration list for PBXNativeTarget "AutoBuildNoIncrementTests" */;
			buildPhases = (
				99839DAF20CAAF3C0049A28A /* Sources */,
				99839DB020CAAF3C0049A28A /* Frameworks */,
				99839DB120CAAF3C0049A28A /* Resources */,
			);
			buildRules = (
			);
			dependencies = (
				99839DB520CAAF3C0049A28A /* PBXTargetDependency */,
			);
			name = AutoBuildNoIncrementTests;
			productName = AutoBuildNoIncrementTests;
			productReference = 99839DB320CAAF3C0049A28A /* AutoBuildNoIncrementTests.xctest */;
			productType = "com.apple.product-type.bundle.unit-test";
		};
		99839DBD20CAAF3C0049A28A /* AutoBuildNoIncrementUITests */ = {
			isa = PBXNativeTarget;
			buildConfigurationList = 99839DCD20CAAF3C0049A28A /* Build configuration list for PBXNativeTarget "AutoBuildNoIncrementUITests" */;
			buildPhases = (
				99839DBA20CAAF3C0049A28A /* Sources */,
				99839DBB20CAAF3C0049A28A /* Frameworks */,
				99839DBC20CAAF3C0049A28A /* Resources */,
			);
			buildRules = (
			);
			dependencies = (
				99839DC020CAAF3C0049A28A /* PBXTargetDependency */,
			);
			name = AutoBuildNoIncrementUITests;
			productName = AutoBuildNoIncrementUITests;
			productReference = 99839DBE20CAAF3C0049A28A /* AutoBuildNoIncrementUITests.xctest */;
			productType = "com.apple.product-type.bundle.ui-testing";
		};
/* End PBXNativeTarget section */

/* Begin PBXProject section */
		99839D9720CAAF3A0049A28A /* Project object */ = {
			isa = PBXProject;
			attributes = {
				LastSwiftUpdateCheck = 0930;
				LastUpgradeCheck = 0930;
				ORGANIZATIONNAME = "Shwet Solanki";
				TargetAttributes = {
					99839D9E20CAAF3A0049A28A = {
						CreatedOnToolsVersion = 9.3;
					};
					99839DB220CAAF3C0049A28A = {
						CreatedOnToolsVersion = 9.3;
						TestTargetID = 99839D9E20CAAF3A0049A28A;
					};
					99839DBD20CAAF3C0049A28A = {
						CreatedOnToolsVersion = 9.3;
						TestTargetID = 99839D9E20CAAF3A0049A28A;
					};
				};
			};
			buildConfigurationList = 99839D9A20CAAF3A0049A28A /* Build configuration list for PBXProject "AutoBuildNoIncrement" */;
			compatibilityVersion = "Xcode 9.3";
			developmentRegion = en;
			hasScannedForEncodings = 0;
			knownRegions = (
				en,
				Base,
			);
			mainGroup = 99839D9620CAAF3A0049A28A;
			productRefGroup = 99839DA020CAAF3A0049A28A /* Products */;
			projectDirPath = "";
			projectRoot = "";
			targets = (
				99839D9E20CAAF3A0049A28A /* AutoBuildNoIncrement */,
				99839DB220CAAF3C0049A28A /* AutoBuildNoIncrementTests */,
				99839DBD20CAAF3C0049A28A /* AutoBuildNoIncrementUITests */,
			);
		};
/* End PBXProject section */

/* Begin PBXResourcesBuildPhase section */
		99839D9D20CAAF3A0049A28A /* Resources */ = {
			isa = PBXResourcesBuildPhase;
			buildActionMask = 2147483647;
			files = (
				99839DAD20CAAF3B0049A28A /* LaunchScreen.storyboard in Resources */,
				99839DAA20CAAF3B0049A28A /* Assets.xcassets in Resources */,
				99839DA820CAAF3A0049A28A /* Main.storyboard in Resources */,
			);
			runOnlyForDeploymentPostprocessing = 0;
		};
		99839DB120CAAF3C0049A28A /* Resources */ = {
			isa = PBXResourcesBuildPhase;
			buildActionMask = 2147483647;
			files = (
			);
			runOnlyForDeploymentPostprocessing = 0;
		};
		99839DBC20CAAF3C0049A28A /* Resources */ = {
			isa = PBXResourcesBuildPhase;
			buildActionMask = 2147483647;
			files = (
			);
			runOnlyForDeploymentPostprocessing = 0;
		};
/* End PBXResourcesBuildPhase section */

/* Begin PBXSourcesBuildPhase section */
		99839D9B20CAAF3A0049A28A /* Sources */ = {
			isa = PBXSourcesBuildPhase;
			buildActionMask = 2147483647;
			files = (
				99839DA520CAAF3A0049A28A /* ViewController.swift in Sources */,
				99839DA320CAAF3A0049A28A /* AppDelegate.swift in Sources */,
			);
			runOnlyForDeploymentPostprocessing = 0;
		};
		99839DAF20CAAF3C0049A28A /* Sources */ = {
			isa = PBXSourcesBuildPhase;
			buildActionMask = 2147483647;
			files = (
				99839DB820CAAF3C0049A28A /* AutoBuildNoIncrementTests.swift in Sources */,
			);
			runOnlyForDeploymentPostprocessing = 0;
		};
		99839DBA20CAAF3C0049A28A /* Sources */ = {
			isa = PBXSourcesBuildPhase;
			buildActionMask = 2147483647;
			files = (
				99839DC320CAAF3C0049A28A /* AutoBuildNoIncrementUITests.swift in Sources */,
			);
			runOnlyForDeploymentPostprocessing = 0;
		};
/* End PBXSourcesBuildPhase section */

/* Begin PBXTargetDependency section */
		99839DB520CAAF3C0049A28A /* PBXTargetDependency */ = {
			isa = PBXTargetDependency;
			target = 99839D9E20CAAF3A0049A28A /* AutoBuildNoIncrement */;
			targetProxy = 99839DB420CAAF3C0049A28A /* PBXContainerItemProxy */;
		};
		99839DC020CAAF3C0049A28A /* PBXTargetDependency */ = {
			isa = PBXTargetDependency;
			target = 99839D9E20CAAF3A0049A28A /* AutoBuildNoIncrement */;
			targetProxy = 99839DBF20CAAF3C0049A28A /* PBXContainerItemProxy */;
		};
/* End PBXTargetDependency section */

/* Begin PBXVariantGroup section */
		99839DA620CAAF3A0049A28A /* Main.storyboard */ = {
			isa = PBXVariantGroup;
			children = (
				99839DA720CAAF3A0049A28A /* Base */,
			);
			name = Main.storyboard;
			sourceTree = "<group>";
		};
		99839DAB20CAAF3B0049A28A /* LaunchScreen.storyboard */ = {
			isa = PBXVariantGroup;
			children = (
				99839DAC20CAAF3B0049A28A /* Base */,
			);
			name = LaunchScreen.storyboard;
			sourceTree = "<group>";
		};
/* End PBXVariantGroup section */

/* Begin XCBuildConfiguration section */
		99839DC520CAAF3C0049A28A /* Debug */ = {
			isa = XCBuildConfiguration;
			buildSettings = {
				ALWAYS_SEARCH_USER_PATHS = NO;
				CLANG_ANALYZER_NONNULL = YES;
				CLANG_ANALYZER_NUMBER_OBJECT_CONVERSION = YES_AGGRESSIVE;
				CLANG_CXX_LANGUAGE_STANDARD = "gnu++14";
				CLANG_CXX_LIBRARY = "libc++";
				CLANG_ENABLE_MODULES = YES;
				CLANG_ENABLE_OBJC_ARC = YES;
				CLANG_ENABLE_OBJC_WEAK = YES;
				CLANG_WARN_BLOCK_CAPTURE_AUTORELEASING = YES;
				CLANG_WARN_BOOL_CONVERSION = YES;
				CLANG_WARN_COMMA = YES;
				CLANG_WARN_CONSTANT_CONVERSION = YES;
				CLANG_WARN_DEPRECATED_OBJC_IMPLEMENTATIONS = YES;
				CLANG_WARN_DIRECT_OBJC_ISA_USAGE = YES_ERROR;
				CLANG_WARN_DOCUMENTATION_COMMENTS = YES;
				CLANG_WARN_EMPTY_BODY = YES;
				CLANG_WARN_ENUM_CONVERSION = YES;
				CLANG_WARN_INFINITE_RECURSION = YES;
				CLANG_WARN_INT_CONVERSION = YES;
				CLANG_WARN_NON_LITERAL_NULL_CONVERSION = YES;
				CLANG_WARN_OBJC_IMPLICIT_RETAIN_SELF = YES;
				CLANG_WARN_OBJC_LITERAL_CONVERSION = YES;
				CLANG_WARN_OBJC_ROOT_CLASS = YES_ERROR;
				CLANG_WARN_RANGE_LOOP_ANALYSIS = YES;
				CLANG_WARN_STRICT_PROTOTYPES = YES;
				CLANG_WARN_SUSPICIOUS_MOVE = YES;
				CLANG_WARN_UNGUARDED_AVAILABILITY = YES_AGGRESSIVE;
				CLANG_WARN_UNREACHABLE_CODE = YES;
				CLANG_WARN__DUPLICATE_METHOD_MATCH = YES;
				CODE_SIGN_IDENTITY = "iPhone Developer";
				COPY_PHASE_STRIP = NO;
				DEBUG_INFORMATION_FORMAT = dwarf;
				ENABLE_STRICT_OBJC_MSGSEND = YES;
				ENABLE_TESTABILITY = YES;
				GCC_C_LANGUAGE_STANDARD = gnu11;
				GCC_DYNAMIC_NO_PIC = NO;
				GCC_NO_COMMON_BLOCKS = YES;
				GCC_OPTIMIZATION_LEVEL = 0;
				GCC_PREPROCESSOR_DEFINITIONS = (
					"DEBUG=1",
					"$(inherited)",
				);
				GCC_WARN_64_TO_32_BIT_CONVERSION = YES;
				GCC_WARN_ABOUT_RETURN_TYPE = YES_ERROR;
				GCC_WARN_UNDECLARED_SELECTOR = YES;
				GCC_WARN_UNINITIALIZED_AUTOS = YES_AGGRESSIVE;
				GCC_WARN_UNUSED_FUNCTION = YES;
				GCC_WARN_UNUSED_VARIABLE = YES;
				IPHONEOS_DEPLOYMENT_TARGET = 11.3;
				MTL_ENABLE_DEBUG_INFO = YES;
				ONLY_ACTIVE_ARCH = YES;
				SDKROOT = iphoneos;
				SWIFT_ACTIVE_COMPILATION_CONDITIONS = DEBUG;
				SWIFT_OPTIMIZATION_LEVEL = "-Onone";
			};
			name = Debug;
		};
		99839DC620CAAF3C0049A28A /* Release */ = {
			isa = XCBuildConfiguration;
			buildSettings = {
				ALWAYS_SEARCH_USER_PATHS = NO;
				CLANG_ANALYZER_NONNULL = YES;
				CLANG_ANALYZER_NUMBER_OBJECT_CONVERSION = YES_AGGRESSIVE;
				CLANG_CXX_LANGUAGE_STANDARD = "gnu++14";
				CLANG_CXX_LIBRARY = "libc++";
				CLANG_ENABLE_MODULES = YES;
				CLANG_ENABLE_OBJC_ARC = YES;
				CLANG_ENABLE_OBJC_WEAK = YES;
				CLANG_WARN_BLOCK_CAPTURE_AUTORELEASING = YES;
				CLANG_WARN_BOOL_CONVERSION = YES;
				CLANG_WARN_COMMA = YES;
				CLANG_WARN_CONSTANT_CONVERSION = YES;
				CLANG_WARN_DEPRECATED_OBJC_IMPLEMENTATIONS = YES;
				CLANG_WARN_DIRECT_OBJC_ISA_USAGE = YES_ERROR;
				CLANG_WARN_DOCUMENTATION_COMMENTS = YES;
				CLANG_WARN_EMPTY_BODY = YES;
				CLANG_WARN_ENUM_CONVERSION = YES;
				CLANG_WARN_INFINITE_RECURSION = YES;
				CLANG_WARN_INT_CONVERSION = YES;
				CLANG_WARN_NON_LITERAL_NULL_CONVERSION = YES;
				CLANG_WARN_OBJC_IMPLICIT_RETAIN_SELF = YES;
				CLANG_WARN_OBJC_LITERAL_CONVERSION = YES;
				CLANG_WARN_OBJC_ROOT_CLASS = YES_ERROR;
				CLANG_WARN_RANGE_LOOP_ANALYSIS = YES;
				CLANG_WARN_STRICT_PROTOTYPES = YES;
				CLANG_WARN_SUSPICIOUS_MOVE = YES;
				CLANG_WARN_UNGUARDED_AVAILABILITY = YES_AGGRESSIVE;
				CLANG_WARN_UNREACHABLE_CODE = YES;
				CLANG_WARN__DUPLICATE_METHOD_MATCH = YES;
				CODE_SIGN_IDENTITY = "iPhone Developer";
				COPY_PHASE_STRIP = NO;
				DEBUG_INFORMATION_FORMAT = "dwarf-with-dsym";
				ENABLE_NS_ASSERTIONS = NO;
				ENABLE_STRICT_OBJC_MSGSEND = YES;
				GCC_C_LANGUAGE_STANDARD = gnu11;
				GCC_NO_COMMON_BLOCKS = YES;
				GCC_WARN_64_TO_32_BIT_CONVERSION = YES;
				GCC_WARN_ABOUT_RETURN_TYPE = YES_ERROR;
				GCC_WARN_UNDECLARED_SELECTOR = YES;
				GCC_WARN_UNINITIALIZED_AUTOS = YES_AGGRESSIVE;
				GCC_WARN_UNUSED_FUNCTION = YES;
				GCC_WARN_UNUSED_VARIABLE = YES;
				IPHONEOS_DEPLOYMENT_TARGET = 11.3;
				MTL_ENABLE_DEBUG_INFO = NO;
				SDKROOT = iphoneos;
				SWIFT_COMPILATION_MODE = wholemodule;
				SWIFT_OPTIMIZATION_LEVEL = "-O";
				VALIDATE_PRODUCT = YES;
			};
			name = Release;
		};
		99839DC820CAAF3C0049A28A /* Debug */ = {
			isa = XCBuildConfiguration;
			buildSettings = {
				ASSETCATALOG_COMPILER_APPICON_NAME = AppIcon;
				CODE_SIGN_STYLE = Automatic;
				CURRENT_PROJECT_VERSION = 0;
				DEVELOPMENT_TEAM = 2G2HDVXLMQ;
				INFOPLIST_FILE = AutoBuildNoIncrement/Info.plist;
				LD_RUNPATH_SEARCH_PATHS = (
					"$(inherited)",
					"@executable_path/Frameworks",
				);
				PRODUCT_BUNDLE_IDENTIFIER = com.dream11.AutoBuildNoIncrement;
				PRODUCT_NAME = "$(TARGET_NAME)";
				SWIFT_VERSION = 4.0;
				TARGETED_DEVICE_FAMILY = "1,2";
				VERSIONING_SYSTEM = "apple-generic";
			};
			name = Debug;
		};
		99839DC920CAAF3C0049A28A /* Release */ = {
			isa = XCBuildConfiguration;
			buildSettings = {
				ASSETCATALOG_COMPILER_APPICON_NAME = AppIcon;
				CODE_SIGN_STYLE = Automatic;
				CURRENT_PROJECT_VERSION = 0;
				DEVELOPMENT_TEAM = 2G2HDVXLMQ;
				INFOPLIST_FILE = AutoBuildNoIncrement/Info.plist;
				LD_RUNPATH_SEARCH_PATHS = (
					"$(inherited)",
					"@executable_path/Frameworks",
				);
				PRODUCT_BUNDLE_IDENTIFIER = com.dream11.AutoBuildNoIncrement;
				PRODUCT_NAME = "$(TARGET_NAME)";
				SWIFT_VERSION = 4.0;
				TARGETED_DEVICE_FAMILY = "1,2";
				VERSIONING_SYSTEM = "apple-generic";
			};
			name = Release;
		};
		99839DCB20CAAF3C0049A28A /* Debug */ = {
			isa = XCBuildConfiguration;
			buildSettings = {
				ALWAYS_EMBED_SWIFT_STANDARD_LIBRARIES = YES;
				BUNDLE_LOADER = "$(TEST_HOST)";
				CODE_SIGN_STYLE = Automatic;
				DEVELOPMENT_TEAM = 2G2HDVXLMQ;
				INFOPLIST_FILE = AutoBuildNoIncrementTests/Info.plist;
				LD_RUNPATH_SEARCH_PATHS = (
					"$(inherited)",
					"@executable_path/Frameworks",
					"@loader_path/Frameworks",
				);
				PRODUCT_BUNDLE_IDENTIFIER = com.dream11.AutoBuildNoIncrementTests;
				PRODUCT_NAME = "$(TARGET_NAME)";
				SWIFT_VERSION = 4.0;
				TARGETED_DEVICE_FAMILY = "1,2";
				TEST_HOST = "$(BUILT_PRODUCTS_DIR)/AutoBuildNoIncrement.app/AutoBuildNoIncrement";
			};
			name = Debug;
		};
		99839DCC20CAAF3C0049A28A /* Release */ = {
			isa = XCBuildConfiguration;
			buildSettings = {
				ALWAYS_EMBED_SWIFT_STANDARD_LIBRARIES = YES;
				BUNDLE_LOADER = "$(TEST_HOST)";
				CODE_SIGN_STYLE = Automatic;
				DEVELOPMENT_TEAM = 2G2HDVXLMQ;
				INFOPLIST_FILE = AutoBuildNoIncrementTests/Info.plist;
				LD_RUNPATH_SEARCH_PATHS = (
					"$(inherited)",
					"@executable_path/Frameworks",
					"@loader_path/Frameworks",
				);
				PRODUCT_BUNDLE_IDENTIFIER = com.dream11.AutoBuildNoIncrementTests;
				PRODUCT_NAME = "$(TARGET_NAME)";
				SWIFT_VERSION = 4.0;
				TARGETED_DEVICE_FAMILY = "1,2";
				TEST_HOST = "$(BUILT_PRODUCTS_DIR)/AutoBuildNoIncrement.app/AutoBuildNoIncrement";
			};
			name = Release;
		};
		99839DCE20CAAF3C0049A28A /* Debug */ = {
			isa = XCBuildConfiguration;
			buildSettings = {
				ALWAYS_EMBED_SWIFT_STANDARD_LIBRARIES = YES;
				CODE_SIGN_STYLE = Automatic;
				DEVELOPMENT_TEAM = 2G2HDVXLMQ;
				INFOPLIST_FILE = AutoBuildNoIncrementUITests/Info.plist;
				LD_RUNPATH_SEARCH_PATHS = (
					"$(inherited)",
					"@executable_path/Frameworks",
					"@loader_path/Frameworks",
				);
				PRODUCT_BUNDLE_IDENTIFIER = com.dream11.AutoBuildNoIncrementUITests;
				PRODUCT_NAME = "$(TARGET_NAME)";
				SWIFT_VERSION = 4.0;
				TARGETED_DEVICE_FAMILY = "1,2";
				TEST_TARGET_NAME = AutoBuildNoIncrement;
			};
			name = Debug;
		};
		99839DCF20CAAF3C0049A28A /* Release */ = {
			isa = XCBuildConfiguration;
			buildSettings = {
				ALWAYS_EMBED_SWIFT_STANDARD_LIBRARIES = YES;
				CODE_SIGN_STYLE = Automatic;
				DEVELOPMENT_TEAM = 2G2HDVXLMQ;
				INFOPLIST_FILE = AutoBuildNoIncrementUITests/Info.plist;
				LD_RUNPATH_SEARCH_PATHS = (
					"$(inherited)",
					"@executable_path/Frameworks",
					"@loader_path/Frameworks",
				);
				PRODUCT_BUNDLE_IDENTIFIER = com.dream11.AutoBuildNoIncrementUITests;
				PRODUCT_NAME = "$(TARGET_NAME)";
				SWIFT_VERSION = 4.0;
				TARGETED_DEVICE_FAMILY = "1,2";
				TEST_TARGET_NAME = AutoBuildNoIncrement;
			};
			name = Release;
		};
/* End XCBuildConfiguration section */

/* Begin XCConfigurationList section */
		99839D9A20CAAF3A0049A28A /* Build configuration list for PBXProject "AutoBuildNoIncrement" */ = {
			isa = XCConfigurationList;
			buildConfigurations = (
				99839DC520CAAF3C0049A28A /* Debug */,
				99839DC620CAAF3C0049A28A /* Release */,
			);
			defaultConfigurationIsVisible = 0;
			defaultConfigurationName = Release;
		};
		99839DC720CAAF3C0049A28A /* Build configuration list for PBXNativeTarget "AutoBuildNoIncrement" */ = {
			isa = XCConfigurationList;
			buildConfigurations = (
				99839DC820CAAF3C0049A28A /* Debug */,
				99839DC920CAAF3C0049A28A /* Release */,
			);
			defaultConfigurationIsVisible = 0;
			defaultConfigurationName = Release;
		};
		99839DCA20CAAF3C0049A28A /* Build configuration list for PBXNativeTarget "AutoBuildNoIncrementTests" */ = {
			isa = XCConfigurationList;
			buildConfigurations = (
				99839DCB20CAAF3C0049A28A /* Debug */,
				99839DCC20CAAF3C0049A28A /* Release */,
			);
			defaultConfigurationIsVisible = 0;
			defaultConfigurationName = Release;
		};
		99839DCD20CAAF3C0049A28A /* Build configuration list for PBXNativeTarget "AutoBuildNoIncrementUITests" */ = {
			isa = XCConfigurationList;
			buildConfigurations = (
				99839DCE20CAAF3C0049A28A /* Debug */,
				99839DCF20CAAF3C0049A28A /* Release */,
			);
			defaultConfigurationIsVisible = 0;
			defaultConfigurationName = Release;
		};
/* End XCConfigurationList section */
	};
	rootObject = 99839D9720CAAF3A0049A28A /* Project object */;
}
